
Microsoft Visual Studio Solution File, Format Version 12.00
# Visual Studio Version 17
VisualStudioVersion = 17.7.34009.444
MinimumVisualStudioVersion = 10.0.40219.1
Project("{FAE04EC0-301F-11D3-BF4B-00C04F79EFBC}") = "CitiesAPI", "CitiesAPI.csproj", "{190C23AC-DDA4-4BB1-B5C1-8D6A79C06038}"
EndProject
Global
	GlobalSection(SolutionConfigurationPlatforms) = preSolution
		Debug|Any CPU = Debug|Any CPU
		Release|Any CPU = Release|Any CPU
	EndGlobalSection
	GlobalSection(ProjectConfigurationPlatforms) = postSolution
		{190C23AC-DDA4-4BB1-B5C1-8D6A79C06038}.Debug|Any CPU.ActiveCfg = Debug|Any CPU
		{190C23AC-DDA4-4BB1-B5C1-8D6A79C06038}.Debug|Any CPU.Build.0 = Debug|Any CPU
		{190C23AC-DDA4-4BB1-B5C1-8D6A79C06038}.Release|Any CPU.ActiveCfg = Release|Any CPU
		{190C23AC-DDA4-4BB1-B5C1-8D6A79C06038}.Release|Any CPU.Build.0 = Release|Any CPU
	EndGlobalSection
	GlobalSection(SolutionProperties) = preSolution
		HideSolutionNode = FALSE
	EndGlobalSection
	GlobalSection(ExtensibilityGlobals) = postSolution
		SolutionGuid = {0327D4B3-37B8-470E-9FE3-53D1BB93C942}
	EndGlobalSection
EndGlobal
